// !$*UTF8*$!
{
	archiveVersion = 1;
	classes = {
	};
	objectVersion = 46;
	objects = {

/* Begin PBXBuildFile section */
		3524183ABF5A4F66B320A558 /* libPods.a in Frameworks */ = {isa = PBXBuildFile; fileRef = C058F398CAE2446E8F2815E7 /* libPods.a */; };
		3C2F413B0AF518382122AE7F /* HTBeaconService.m in Sources */ = {isa = PBXBuildFile; fileRef = 3C2F495F248CC6F499D42737 /* HTBeaconService.m */; };
		3C2F419573BC53D279575383 /* NSMutableDictionary+Ext.m in Sources */ = {isa = PBXBuildFile; fileRef = 3C2F493F02697EF838E21B51 /* NSMutableDictionary+Ext.m */; };
		3C2F41ACAB4FB724ED35C970 /* HTFlipsideViewController.m in Sources */ = {isa = PBXBuildFile; fileRef = 3C2F42FE5D3F2CDE358A7984 /* HTFlipsideViewController.m */; };
		3C2F41CF63E768340DB35C71 /* ReachabilityService.m in Sources */ = {isa = PBXBuildFile; fileRef = 3C2F4F3D6793DBED3B3D45DE /* ReachabilityService.m */; };
		3C2F42575EA7C6FA314D395A /* EasedValue.m in Sources */ = {isa = PBXBuildFile; fileRef = 3C2F4585F3C1F1BD0674B535 /* EasedValue.m */; };
		3C2F432B8754C59B61DA9FF5 /* NSObject+Ext.m in Sources */ = {isa = PBXBuildFile; fileRef = 3C2F4463BC5DD478E72F6F88 /* NSObject+Ext.m */; };
		3C2F433E8CB501211397ED0F /* NSMutableArray+Ext.m in Sources */ = {isa = PBXBuildFile; fileRef = 3C2F4110A714F39FE2D01096 /* NSMutableArray+Ext.m */; };
		3C2F43405F4E25514A07BFE8 /* UIColor+Ext.m in Sources */ = {isa = PBXBuildFile; fileRef = 3C2F4ECDD00FBB09AE962542 /* UIColor+Ext.m */; };
		3C2F43B2361BA84402D4CCAD /* UIScreen+Ext.m in Sources */ = {isa = PBXBuildFile; fileRef = 3C2F4A245B723B95C003183D /* UIScreen+Ext.m */; };
		3C2F4537ED087A92FD4BCB9E /* CLBeacon+Ext.m in Sources */ = {isa = PBXBuildFile; fileRef = 3C2F417C1CAE2A3654B2AAF5 /* CLBeacon+Ext.m */; };
		3C2F470C1AED04375B7C1549 /* CBPeripheralManager+Ext.m in Sources */ = {isa = PBXBuildFile; fileRef = 3C2F423263B88923CB5F855E /* CBPeripheralManager+Ext.m */; };
		3C2F47597874A5CD18AAE157 /* NSArray+Ext.m in Sources */ = {isa = PBXBuildFile; fileRef = 3C2F45F63F6A1B073EFBEB72 /* NSArray+Ext.m */; };
		3C2F47835F06F8C9A6F82192 /* UILabel+Ext.m in Sources */ = {isa = PBXBuildFile; fileRef = 3C2F43B5EB1188D8AB260A7F /* UILabel+Ext.m */; };
		3C2F481E29BBEFA3E9885DAA /* NSRangeExt.m in Sources */ = {isa = PBXBuildFile; fileRef = 3C2F466548D8997FBFE2A91F /* NSRangeExt.m */; };
		3C2F483401FF8D34EB62F495 /* NSDate+Ext.m in Sources */ = {isa = PBXBuildFile; fileRef = 3C2F4B63DD9ACA3FC406F826 /* NSDate+Ext.m */; };
		3C2F48A1B54ECED57F780E65 /* NSString+Ext.m in Sources */ = {isa = PBXBuildFile; fileRef = 3C2F492B200F0F038BDDFB47 /* NSString+Ext.m */; };
		3C2F48C8B8C65AD62761640D /* UIImage+Ext.m in Sources */ = {isa = PBXBuildFile; fileRef = 3C2F4DBC7DD9F6A6F950D788 /* UIImage+Ext.m */; };
		3C2F48FFDE571642D9A9BBB9 /* NSSet+Ext.m in Sources */ = {isa = PBXBuildFile; fileRef = 3C2F41037A0D088F6C538EB3 /* NSSet+Ext.m */; };
		3C2F4A15A18D25CDB2CD02F5 /* HTUserAPI.m in Sources */ = {isa = PBXBuildFile; fileRef = 3C2F4A4959A7455146BCD112 /* HTUserAPI.m */; };
		3C2F4A83ED0D9741FDB3316C /* INWeightedAverage.m in Sources */ = {isa = PBXBuildFile; fileRef = 3C2F424F0AC481A592985CF7 /* INWeightedAverage.m */; };
		3C2F4B5D1C5B034D7C07D6F3 /* NSFileManager+Ext.m in Sources */ = {isa = PBXBuildFile; fileRef = 3C2F425BF90F9BEF2B1FEFBE /* NSFileManager+Ext.m */; };
		3C2F4C55619E02CCD9CF0604 /* CBCentralManager+Ext.m in Sources */ = {isa = PBXBuildFile; fileRef = 3C2F40360BDFFAAD50E0A47E /* CBCentralManager+Ext.m */; };
		3C2F4CCCB2C48B3F8B79334D /* HTMainViewController.m in Sources */ = {isa = PBXBuildFile; fileRef = 3C2F47306E9EF9E90F6E5F60 /* HTMainViewController.m */; };
		3C2F4D782A7AC88180D3B9BC /* NSMutableSet+Ext.m in Sources */ = {isa = PBXBuildFile; fileRef = 3C2F443AD94E4D7DFAA979CC /* NSMutableSet+Ext.m */; };
		3C2F4D95DDC93B32A9761B49 /* CBUUID+Ext.m in Sources */ = {isa = PBXBuildFile; fileRef = 3C2F47187CED48068ADC2A15 /* CBUUID+Ext.m */; };
		3C2F4E4971769E98C715416A /* GCDUtilities.m in Sources */ = {isa = PBXBuildFile; fileRef = 3C2F463A2B828C3813602D5E /* GCDUtilities.m */; };
		3C2F4E9D2C9B4B532B0A7A82 /* HTUser.m in Sources */ = {isa = PBXBuildFile; fileRef = 3C2F43918485CD63D1E29AE7 /* HTUser.m */; };
		3C2F4EB79CAD90DCEC3A6295 /* HTCard.m in Sources */ = {isa = PBXBuildFile; fileRef = 3C2F4E0852A7F8F6EDD52B62 /* HTCard.m */; };
		3C2F4F163471A164C3E2F330 /* UIView+Ext.m in Sources */ = {isa = PBXBuildFile; fileRef = 3C2F44D2363727099E864509 /* UIView+Ext.m */; };
		3C2F4FB8778868A6B02EE697 /* NSDictionary+Ext.m in Sources */ = {isa = PBXBuildFile; fileRef = 3C2F4C06938C6345DD46E58A /* NSDictionary+Ext.m */; };
		C20D5A0F188441D100C685D3 /* Foundation.framework in Frameworks */ = {isa = PBXBuildFile; fileRef = C20D5A0E188441D100C685D3 /* Foundation.framework */; };
		C20D5A11188441D100C685D3 /* CoreGraphics.framework in Frameworks */ = {isa = PBXBuildFile; fileRef = C20D5A10188441D100C685D3 /* CoreGraphics.framework */; };
		C20D5A13188441D100C685D3 /* UIKit.framework in Frameworks */ = {isa = PBXBuildFile; fileRef = C20D5A12188441D100C685D3 /* UIKit.framework */; };
		C20D5A15188441D100C685D3 /* CoreData.framework in Frameworks */ = {isa = PBXBuildFile; fileRef = C20D5A14188441D100C685D3 /* CoreData.framework */; };
		C20D5A1B188441D100C685D3 /* InfoPlist.strings in Resources */ = {isa = PBXBuildFile; fileRef = C20D5A19188441D100C685D3 /* InfoPlist.strings */; };
		C20D5A1D188441D200C685D3 /* main.m in Sources */ = {isa = PBXBuildFile; fileRef = C20D5A1C188441D200C685D3 /* main.m */; };
		C20D5A21188441D200C685D3 /* HTAppDelegate.m in Sources */ = {isa = PBXBuildFile; fileRef = C20D5A20188441D200C685D3 /* HTAppDelegate.m */; };
		C20D5A24188441D200C685D3 /* Main_iPhone.storyboard in Resources */ = {isa = PBXBuildFile; fileRef = C20D5A22188441D200C685D3 /* Main_iPhone.storyboard */; };
		C20D5A27188441D200C685D3 /* Main_iPad.storyboard in Resources */ = {isa = PBXBuildFile; fileRef = C20D5A25188441D200C685D3 /* Main_iPad.storyboard */; };
		C20D5A2A188441D200C685D3 /* HeyThere.xcdatamodeld in Sources */ = {isa = PBXBuildFile; fileRef = C20D5A28188441D200C685D3 /* HeyThere.xcdatamodeld */; };
		C20D5A32188441D200C685D3 /* Images.xcassets in Resources */ = {isa = PBXBuildFile; fileRef = C20D5A31188441D200C685D3 /* Images.xcassets */; };
		C20D5A39188441D200C685D3 /* XCTest.framework in Frameworks */ = {isa = PBXBuildFile; fileRef = C20D5A38188441D200C685D3 /* XCTest.framework */; };
		C20D5A3A188441D200C685D3 /* Foundation.framework in Frameworks */ = {isa = PBXBuildFile; fileRef = C20D5A0E188441D100C685D3 /* Foundation.framework */; };
		C20D5A3B188441D200C685D3 /* UIKit.framework in Frameworks */ = {isa = PBXBuildFile; fileRef = C20D5A12188441D100C685D3 /* UIKit.framework */; };
		C20D5A3C188441D200C685D3 /* CoreData.framework in Frameworks */ = {isa = PBXBuildFile; fileRef = C20D5A14188441D100C685D3 /* CoreData.framework */; };
		C20D5A44188441D200C685D3 /* InfoPlist.strings in Resources */ = {isa = PBXBuildFile; fileRef = C20D5A42188441D200C685D3 /* InfoPlist.strings */; };
		C20D5A46188441D200C685D3 /* HeyThereTests.m in Sources */ = {isa = PBXBuildFile; fileRef = C20D5A45188441D200C685D3 /* HeyThereTests.m */; };
		C2976B2D1886650700F88DA9 /* HTLoginViewController.m in Sources */ = {isa = PBXBuildFile; fileRef = C2976B2C1886650700F88DA9 /* HTLoginViewController.m */; };
		C2976B301886658600F88DA9 /* HTCardView.xib in Resources */ = {isa = PBXBuildFile; fileRef = C2976B2F1886658600F88DA9 /* HTCardView.xib */; };
		C2976B371886663E00F88DA9 /* HTCardView.m in Sources */ = {isa = PBXBuildFile; fileRef = C2976B361886663E00F88DA9 /* HTCardView.m */; };
		C2976B3C1886669A00F88DA9 /* HTSettingViewController.m in Sources */ = {isa = PBXBuildFile; fileRef = C2976B3A1886669A00F88DA9 /* HTSettingViewController.m */; };
		C2976B3D1886669A00F88DA9 /* HTSettingViewController.xib in Resources */ = {isa = PBXBuildFile; fileRef = C2976B3B1886669A00F88DA9 /* HTSettingViewController.xib */; };
		C2976B3F188666BF00F88DA9 /* HTLoginViewController.xib in Resources */ = {isa = PBXBuildFile; fileRef = C2976B3E188666BF00F88DA9 /* HTLoginViewController.xib */; };
		C2976B41188667D700F88DA9 /* HTLoginViewController~iphone.xib in Resources */ = {isa = PBXBuildFile; fileRef = C2976B40188667D700F88DA9 /* HTLoginViewController~iphone.xib */; };
		C2976B43188667FF00F88DA9 /* HTSettingViewController~iphone.xib in Resources */ = {isa = PBXBuildFile; fileRef = C2976B42188667FF00F88DA9 /* HTSettingViewController~iphone.xib */; };
/* End PBXBuildFile section */

/* Begin PBXContainerItemProxy section */
		C20D5A3D188441D200C685D3 /* PBXContainerItemProxy */ = {
			isa = PBXContainerItemProxy;
			containerPortal = C20D5A03188441D100C685D3 /* Project object */;
			proxyType = 1;
			remoteGlobalIDString = C20D5A0A188441D100C685D3;
			remoteInfo = HeyThere;
		};
/* End PBXContainerItemProxy section */

/* Begin PBXFileReference section */
		3558151E5BF14BD7BC789A18 /* Pods.xcconfig */ = {isa = PBXFileReference; includeInIndex = 1; lastKnownFileType = text.xcconfig; name = Pods.xcconfig; path = Pods/Pods.xcconfig; sourceTree = "<group>"; };
		3C2F4017BF6562E257B0DD98 /* ReachabilityService.h */ = {isa = PBXFileReference; fileEncoding = 4; lastKnownFileType = sourcecode.c.h; path = ReachabilityService.h; sourceTree = "<group>"; };
		3C2F40360BDFFAAD50E0A47E /* CBCentralManager+Ext.m */ = {isa = PBXFileReference; fileEncoding = 4; lastKnownFileType = sourcecode.c.objc; path = "CBCentralManager+Ext.m"; sourceTree = "<group>"; };
		3C2F4046E1FC8C02654E81D7 /* NSMutableSet+Ext.h */ = {isa = PBXFileReference; fileEncoding = 4; lastKnownFileType = sourcecode.c.h; path = "NSMutableSet+Ext.h"; sourceTree = "<group>"; };
		3C2F4051149DC883B8C2BA71 /* UILabel+Ext.h */ = {isa = PBXFileReference; fileEncoding = 4; lastKnownFileType = sourcecode.c.h; path = "UILabel+Ext.h"; sourceTree = "<group>"; };
		3C2F40A475AD8B7F05DE3AAD /* UIImage+Ext.h */ = {isa = PBXFileReference; fileEncoding = 4; lastKnownFileType = sourcecode.c.h; path = "UIImage+Ext.h"; sourceTree = "<group>"; };
		3C2F40AA25B8026654AC78B1 /* NSArray+Ext.h */ = {isa = PBXFileReference; fileEncoding = 4; lastKnownFileType = sourcecode.c.h; path = "NSArray+Ext.h"; sourceTree = "<group>"; };
		3C2F41037A0D088F6C538EB3 /* NSSet+Ext.m */ = {isa = PBXFileReference; fileEncoding = 4; lastKnownFileType = sourcecode.c.objc; path = "NSSet+Ext.m"; sourceTree = "<group>"; };
		3C2F4110A714F39FE2D01096 /* NSMutableArray+Ext.m */ = {isa = PBXFileReference; fileEncoding = 4; lastKnownFileType = sourcecode.c.objc; path = "NSMutableArray+Ext.m"; sourceTree = "<group>"; };
		3C2F4112D3702B4BAC977BFD /* HTUser.h */ = {isa = PBXFileReference; fileEncoding = 4; lastKnownFileType = sourcecode.c.h; path = HTUser.h; sourceTree = "<group>"; };
		3C2F417C1CAE2A3654B2AAF5 /* CLBeacon+Ext.m */ = {isa = PBXFileReference; fileEncoding = 4; lastKnownFileType = sourcecode.c.objc; path = "CLBeacon+Ext.m"; sourceTree = "<group>"; };
		3C2F423263B88923CB5F855E /* CBPeripheralManager+Ext.m */ = {isa = PBXFileReference; fileEncoding = 4; lastKnownFileType = sourcecode.c.objc; path = "CBPeripheralManager+Ext.m"; sourceTree = "<group>"; };
		3C2F424F0AC481A592985CF7 /* INWeightedAverage.m */ = {isa = PBXFileReference; fileEncoding = 4; lastKnownFileType = sourcecode.c.objc; path = INWeightedAverage.m; sourceTree = "<group>"; };
		3C2F425BF90F9BEF2B1FEFBE /* NSFileManager+Ext.m */ = {isa = PBXFileReference; fileEncoding = 4; lastKnownFileType = sourcecode.c.objc; path = "NSFileManager+Ext.m"; sourceTree = "<group>"; };
		3C2F4268322BE0C400EACC02 /* NSRangeExt.h */ = {isa = PBXFileReference; fileEncoding = 4; lastKnownFileType = sourcecode.c.h; path = NSRangeExt.h; sourceTree = "<group>"; };
		3C2F42EFCDB74592664D4305 /* UIScreen+Ext.h */ = {isa = PBXFileReference; fileEncoding = 4; lastKnownFileType = sourcecode.c.h; path = "UIScreen+Ext.h"; sourceTree = "<group>"; };
		3C2F42FE5D3F2CDE358A7984 /* HTFlipsideViewController.m */ = {isa = PBXFileReference; fileEncoding = 4; lastKnownFileType = sourcecode.c.objc; path = HTFlipsideViewController.m; sourceTree = "<group>"; };
		3C2F43918485CD63D1E29AE7 /* HTUser.m */ = {isa = PBXFileReference; fileEncoding = 4; lastKnownFileType = sourcecode.c.objc; path = HTUser.m; sourceTree = "<group>"; };
		3C2F43B5EB1188D8AB260A7F /* UILabel+Ext.m */ = {isa = PBXFileReference; fileEncoding = 4; lastKnownFileType = sourcecode.c.objc; path = "UILabel+Ext.m"; sourceTree = "<group>"; };
		3C2F443AD94E4D7DFAA979CC /* NSMutableSet+Ext.m */ = {isa = PBXFileReference; fileEncoding = 4; lastKnownFileType = sourcecode.c.objc; path = "NSMutableSet+Ext.m"; sourceTree = "<group>"; };
		3C2F4463BC5DD478E72F6F88 /* NSObject+Ext.m */ = {isa = PBXFileReference; fileEncoding = 4; lastKnownFileType = sourcecode.c.objc; path = "NSObject+Ext.m"; sourceTree = "<group>"; };
		3C2F446FE9CBC6DAD79D65B5 /* NSMutableArray+Ext.h */ = {isa = PBXFileReference; fileEncoding = 4; lastKnownFileType = sourcecode.c.h; path = "NSMutableArray+Ext.h"; sourceTree = "<group>"; };
		3C2F448159BFC92972A99147 /* NSSet+Ext.h */ = {isa = PBXFileReference; fileEncoding = 4; lastKnownFileType = sourcecode.c.h; path = "NSSet+Ext.h"; sourceTree = "<group>"; };
		3C2F44A5CCCD9FB985FF0EC7 /* CBPeripheralManager+Ext.h */ = {isa = PBXFileReference; fileEncoding = 4; lastKnownFileType = sourcecode.c.h; path = "CBPeripheralManager+Ext.h"; sourceTree = "<group>"; };
		3C2F44D2363727099E864509 /* UIView+Ext.m */ = {isa = PBXFileReference; fileEncoding = 4; lastKnownFileType = sourcecode.c.objc; path = "UIView+Ext.m"; sourceTree = "<group>"; };
		3C2F45030BC3569E6666F002 /* NSObject+Ext.h */ = {isa = PBXFileReference; fileEncoding = 4; lastKnownFileType = sourcecode.c.h; path = "NSObject+Ext.h"; sourceTree = "<group>"; };
		3C2F4585F3C1F1BD0674B535 /* EasedValue.m */ = {isa = PBXFileReference; fileEncoding = 4; lastKnownFileType = sourcecode.c.objc; path = EasedValue.m; sourceTree = "<group>"; };
		3C2F4597BC96A3F7C56394B5 /* CBUUID+Ext.h */ = {isa = PBXFileReference; fileEncoding = 4; lastKnownFileType = sourcecode.c.h; path = "CBUUID+Ext.h"; sourceTree = "<group>"; };
		3C2F45F63F6A1B073EFBEB72 /* NSArray+Ext.m */ = {isa = PBXFileReference; fileEncoding = 4; lastKnownFileType = sourcecode.c.objc; path = "NSArray+Ext.m"; sourceTree = "<group>"; };
		3C2F463A2B828C3813602D5E /* GCDUtilities.m */ = {isa = PBXFileReference; fileEncoding = 4; lastKnownFileType = sourcecode.c.objc; path = GCDUtilities.m; sourceTree = "<group>"; };
		3C2F466548D8997FBFE2A91F /* NSRangeExt.m */ = {isa = PBXFileReference; fileEncoding = 4; lastKnownFileType = sourcecode.c.objc; path = NSRangeExt.m; sourceTree = "<group>"; };
		3C2F4691BD10B1FDCF0A4CE4 /* UIView+Ext.h */ = {isa = PBXFileReference; fileEncoding = 4; lastKnownFileType = sourcecode.c.h; path = "UIView+Ext.h"; sourceTree = "<group>"; };
		3C2F46A03D765C52F21A8990 /* INWeightedAverage.h */ = {isa = PBXFileReference; fileEncoding = 4; lastKnownFileType = sourcecode.c.h; path = INWeightedAverage.h; sourceTree = "<group>"; };
		3C2F47187CED48068ADC2A15 /* CBUUID+Ext.m */ = {isa = PBXFileReference; fileEncoding = 4; lastKnownFileType = sourcecode.c.objc; path = "CBUUID+Ext.m"; sourceTree = "<group>"; };
		3C2F47306E9EF9E90F6E5F60 /* HTMainViewController.m */ = {isa = PBXFileReference; fileEncoding = 4; lastKnownFileType = sourcecode.c.objc; path = HTMainViewController.m; sourceTree = "<group>"; };
		3C2F47390DBF08028367218A /* UIColor+Ext.h */ = {isa = PBXFileReference; fileEncoding = 4; lastKnownFileType = sourcecode.c.h; path = "UIColor+Ext.h"; sourceTree = "<group>"; };
		3C2F492B200F0F038BDDFB47 /* NSString+Ext.m */ = {isa = PBXFileReference; fileEncoding = 4; lastKnownFileType = sourcecode.c.objc; path = "NSString+Ext.m"; sourceTree = "<group>"; };
		3C2F493F02697EF838E21B51 /* NSMutableDictionary+Ext.m */ = {isa = PBXFileReference; fileEncoding = 4; lastKnownFileType = sourcecode.c.objc; path = "NSMutableDictionary+Ext.m"; sourceTree = "<group>"; };
		3C2F4955100375EF40D6EE98 /* NSFileManager+Ext.h */ = {isa = PBXFileReference; fileEncoding = 4; lastKnownFileType = sourcecode.c.h; path = "NSFileManager+Ext.h"; sourceTree = "<group>"; };
		3C2F495F248CC6F499D42737 /* HTBeaconService.m */ = {isa = PBXFileReference; fileEncoding = 4; lastKnownFileType = sourcecode.c.objc; path = HTBeaconService.m; sourceTree = "<group>"; };
		3C2F496CED69FE4119758BBC /* HTCard.h */ = {isa = PBXFileReference; fileEncoding = 4; lastKnownFileType = sourcecode.c.h; path = HTCard.h; sourceTree = "<group>"; };
		3C2F4983CB4E5C084BEE4722 /* CLBeacon+Ext.h */ = {isa = PBXFileReference; fileEncoding = 4; lastKnownFileType = sourcecode.c.h; path = "CLBeacon+Ext.h"; sourceTree = "<group>"; };
		3C2F4A245B723B95C003183D /* UIScreen+Ext.m */ = {isa = PBXFileReference; fileEncoding = 4; lastKnownFileType = sourcecode.c.objc; path = "UIScreen+Ext.m"; sourceTree = "<group>"; };
		3C2F4A27609BB9989B6D3660 /* NSDate+Ext.h */ = {isa = PBXFileReference; fileEncoding = 4; lastKnownFileType = sourcecode.c.h; path = "NSDate+Ext.h"; sourceTree = "<group>"; };
		3C2F4A4959A7455146BCD112 /* HTUserAPI.m */ = {isa = PBXFileReference; fileEncoding = 4; lastKnownFileType = sourcecode.c.objc; path = HTUserAPI.m; sourceTree = "<group>"; };
		3C2F4A54B4280BB96AB485BE /* CBCentralManager+Ext.h */ = {isa = PBXFileReference; fileEncoding = 4; lastKnownFileType = sourcecode.c.h; path = "CBCentralManager+Ext.h"; sourceTree = "<group>"; };
		3C2F4A836948F8FF5ECA82F7 /* CustomExtensions.h */ = {isa = PBXFileReference; fileEncoding = 4; lastKnownFileType = sourcecode.c.h; path = CustomExtensions.h; sourceTree = "<group>"; };
		3C2F4A922012A18788DED676 /* HTFlipsideViewController.h */ = {isa = PBXFileReference; fileEncoding = 4; lastKnownFileType = sourcecode.c.h; path = HTFlipsideViewController.h; sourceTree = "<group>"; };
		3C2F4ABFA3AC2424ACD972DA /* GCDUtilities.h */ = {isa = PBXFileReference; fileEncoding = 4; lastKnownFileType = sourcecode.c.h; path = GCDUtilities.h; sourceTree = "<group>"; };
		3C2F4B0EFCF297897B5A8F7F /* HTUserAPI.h */ = {isa = PBXFileReference; fileEncoding = 4; lastKnownFileType = sourcecode.c.h; path = HTUserAPI.h; sourceTree = "<group>"; };
		3C2F4B63DD9ACA3FC406F826 /* NSDate+Ext.m */ = {isa = PBXFileReference; fileEncoding = 4; lastKnownFileType = sourcecode.c.objc; path = "NSDate+Ext.m"; sourceTree = "<group>"; };
		3C2F4BB68A0675ABAC9D56E8 /* NSString+Ext.h */ = {isa = PBXFileReference; fileEncoding = 4; lastKnownFileType = sourcecode.c.h; path = "NSString+Ext.h"; sourceTree = "<group>"; };
		3C2F4BF821835976875F1D9C /* EasedValue.h */ = {isa = PBXFileReference; fileEncoding = 4; lastKnownFileType = sourcecode.c.h; path = EasedValue.h; sourceTree = "<group>"; };
		3C2F4BF9B76DDEE6B82E524B /* GCDSingleton.h */ = {isa = PBXFileReference; fileEncoding = 4; lastKnownFileType = sourcecode.c.h; path = GCDSingleton.h; sourceTree = "<group>"; };
		3C2F4C06938C6345DD46E58A /* NSDictionary+Ext.m */ = {isa = PBXFileReference; fileEncoding = 4; lastKnownFileType = sourcecode.c.objc; path = "NSDictionary+Ext.m"; sourceTree = "<group>"; };
		3C2F4C3BF1A3CBF6524A3F93 /* NSDictionary+Ext.h */ = {isa = PBXFileReference; fileEncoding = 4; lastKnownFileType = sourcecode.c.h; path = "NSDictionary+Ext.h"; sourceTree = "<group>"; };
		3C2F4CD6C823CD12B8D104A3 /* NSMutableDictionary+Ext.h */ = {isa = PBXFileReference; fileEncoding = 4; lastKnownFileType = sourcecode.c.h; path = "NSMutableDictionary+Ext.h"; sourceTree = "<group>"; };
		3C2F4DBC7DD9F6A6F950D788 /* UIImage+Ext.m */ = {isa = PBXFileReference; fileEncoding = 4; lastKnownFileType = sourcecode.c.objc; path = "UIImage+Ext.m"; sourceTree = "<group>"; };
		3C2F4E0852A7F8F6EDD52B62 /* HTCard.m */ = {isa = PBXFileReference; fileEncoding = 4; lastKnownFileType = sourcecode.c.objc; path = HTCard.m; sourceTree = "<group>"; };
		3C2F4E12B7FF6D156378AF75 /* HTBeaconService.h */ = {isa = PBXFileReference; fileEncoding = 4; lastKnownFileType = sourcecode.c.h; path = HTBeaconService.h; sourceTree = "<group>"; };
		3C2F4ECDD00FBB09AE962542 /* UIColor+Ext.m */ = {isa = PBXFileReference; fileEncoding = 4; lastKnownFileType = sourcecode.c.objc; path = "UIColor+Ext.m"; sourceTree = "<group>"; };
		3C2F4F3D6793DBED3B3D45DE /* ReachabilityService.m */ = {isa = PBXFileReference; fileEncoding = 4; lastKnownFileType = sourcecode.c.objc; path = ReachabilityService.m; sourceTree = "<group>"; };
		3C2F4FFACE7A4F8F5B4F9932 /* HTMainViewController.h */ = {isa = PBXFileReference; fileEncoding = 4; lastKnownFileType = sourcecode.c.h; path = HTMainViewController.h; sourceTree = "<group>"; };
		C058F398CAE2446E8F2815E7 /* libPods.a */ = {isa = PBXFileReference; explicitFileType = archive.ar; includeInIndex = 0; path = libPods.a; sourceTree = BUILT_PRODUCTS_DIR; };
		C20D5A0B188441D100C685D3 /* HeyThere.app */ = {isa = PBXFileReference; explicitFileType = wrapper.application; includeInIndex = 0; path = HeyThere.app; sourceTree = BUILT_PRODUCTS_DIR; };
		C20D5A0E188441D100C685D3 /* Foundation.framework */ = {isa = PBXFileReference; lastKnownFileType = wrapper.framework; name = Foundation.framework; path = System/Library/Frameworks/Foundation.framework; sourceTree = SDKROOT; };
		C20D5A10188441D100C685D3 /* CoreGraphics.framework */ = {isa = PBXFileReference; lastKnownFileType = wrapper.framework; name = CoreGraphics.framework; path = System/Library/Frameworks/CoreGraphics.framework; sourceTree = SDKROOT; };
		C20D5A12188441D100C685D3 /* UIKit.framework */ = {isa = PBXFileReference; lastKnownFileType = wrapper.framework; name = UIKit.framework; path = System/Library/Frameworks/UIKit.framework; sourceTree = SDKROOT; };
		C20D5A14188441D100C685D3 /* CoreData.framework */ = {isa = PBXFileReference; lastKnownFileType = wrapper.framework; name = CoreData.framework; path = System/Library/Frameworks/CoreData.framework; sourceTree = SDKROOT; };
		C20D5A18188441D100C685D3 /* HeyThere-Info.plist */ = {isa = PBXFileReference; lastKnownFileType = text.plist.xml; path = "HeyThere-Info.plist"; sourceTree = "<group>"; };
		C20D5A1A188441D100C685D3 /* en */ = {isa = PBXFileReference; lastKnownFileType = text.plist.strings; name = en; path = en.lproj/InfoPlist.strings; sourceTree = "<group>"; };
		C20D5A1C188441D200C685D3 /* main.m */ = {isa = PBXFileReference; lastKnownFileType = sourcecode.c.objc; path = main.m; sourceTree = "<group>"; };
		C20D5A1E188441D200C685D3 /* HeyThere-Prefix.pch */ = {isa = PBXFileReference; lastKnownFileType = sourcecode.c.h; path = "HeyThere-Prefix.pch"; sourceTree = "<group>"; };
		C20D5A1F188441D200C685D3 /* HTAppDelegate.h */ = {isa = PBXFileReference; lastKnownFileType = sourcecode.c.h; path = HTAppDelegate.h; sourceTree = "<group>"; };
		C20D5A20188441D200C685D3 /* HTAppDelegate.m */ = {isa = PBXFileReference; lastKnownFileType = sourcecode.c.objc; path = HTAppDelegate.m; sourceTree = "<group>"; };
		C20D5A23188441D200C685D3 /* Base */ = {isa = PBXFileReference; lastKnownFileType = file.storyboard; name = Base; path = Base.lproj/Main_iPhone.storyboard; sourceTree = "<group>"; };
		C20D5A26188441D200C685D3 /* Base */ = {isa = PBXFileReference; lastKnownFileType = file.storyboard; name = Base; path = Base.lproj/Main_iPad.storyboard; sourceTree = "<group>"; };
		C20D5A29188441D200C685D3 /* HeyThere.xcdatamodel */ = {isa = PBXFileReference; lastKnownFileType = wrapper.xcdatamodel; path = HeyThere.xcdatamodel; sourceTree = "<group>"; };
		C20D5A31188441D200C685D3 /* Images.xcassets */ = {isa = PBXFileReference; lastKnownFileType = folder.assetcatalog; path = Images.xcassets; sourceTree = "<group>"; };
		C20D5A37188441D200C685D3 /* HeyThereTests.xctest */ = {isa = PBXFileReference; explicitFileType = wrapper.cfbundle; includeInIndex = 0; path = HeyThereTests.xctest; sourceTree = BUILT_PRODUCTS_DIR; };
		C20D5A38188441D200C685D3 /* XCTest.framework */ = {isa = PBXFileReference; lastKnownFileType = wrapper.framework; name = XCTest.framework; path = Library/Frameworks/XCTest.framework; sourceTree = DEVELOPER_DIR; };
		C20D5A41188441D200C685D3 /* HeyThereTests-Info.plist */ = {isa = PBXFileReference; lastKnownFileType = text.plist.xml; path = "HeyThereTests-Info.plist"; sourceTree = "<group>"; };
		C20D5A43188441D200C685D3 /* en */ = {isa = PBXFileReference; lastKnownFileType = text.plist.strings; name = en; path = en.lproj/InfoPlist.strings; sourceTree = "<group>"; };
		C20D5A45188441D200C685D3 /* HeyThereTests.m */ = {isa = PBXFileReference; lastKnownFileType = sourcecode.c.objc; path = HeyThereTests.m; sourceTree = "<group>"; };
		C2976B2B1886650700F88DA9 /* HTLoginViewController.h */ = {isa = PBXFileReference; fileEncoding = 4; lastKnownFileType = sourcecode.c.h; name = HTLoginViewController.h; path = Login/HTLoginViewController.h; sourceTree = "<group>"; };
		C2976B2C1886650700F88DA9 /* HTLoginViewController.m */ = {isa = PBXFileReference; fileEncoding = 4; lastKnownFileType = sourcecode.c.objc; name = HTLoginViewController.m; path = Login/HTLoginViewController.m; sourceTree = "<group>"; };
		C2976B2F1886658600F88DA9 /* HTCardView.xib */ = {isa = PBXFileReference; fileEncoding = 4; lastKnownFileType = file.xib; name = HTCardView.xib; path = Card/HTCardView.xib; sourceTree = "<group>"; };
		C2976B351886663E00F88DA9 /* HTCardView.h */ = {isa = PBXFileReference; fileEncoding = 4; lastKnownFileType = sourcecode.c.h; name = HTCardView.h; path = Card/HTCardView.h; sourceTree = "<group>"; };
		C2976B361886663E00F88DA9 /* HTCardView.m */ = {isa = PBXFileReference; fileEncoding = 4; lastKnownFileType = sourcecode.c.objc; name = HTCardView.m; path = Card/HTCardView.m; sourceTree = "<group>"; };
		C2976B391886669A00F88DA9 /* HTSettingViewController.h */ = {isa = PBXFileReference; fileEncoding = 4; lastKnownFileType = sourcecode.c.h; path = HTSettingViewController.h; sourceTree = "<group>"; };
		C2976B3A1886669A00F88DA9 /* HTSettingViewController.m */ = {isa = PBXFileReference; fileEncoding = 4; lastKnownFileType = sourcecode.c.objc; path = HTSettingViewController.m; sourceTree = "<group>"; };
		C2976B3B1886669A00F88DA9 /* HTSettingViewController.xib */ = {isa = PBXFileReference; fileEncoding = 4; lastKnownFileType = file.xib; path = HTSettingViewController.xib; sourceTree = "<group>"; };
		C2976B3E188666BF00F88DA9 /* HTLoginViewController.xib */ = {isa = PBXFileReference; fileEncoding = 4; lastKnownFileType = file.xib; name = HTLoginViewController.xib; path = Login/HTLoginViewController.xib; sourceTree = "<group>"; };
		C2976B40188667D700F88DA9 /* HTLoginViewController~iphone.xib */ = {isa = PBXFileReference; fileEncoding = 4; lastKnownFileType = file.xib; path = "HTLoginViewController~iphone.xib"; sourceTree = "<group>"; };
		C2976B42188667FF00F88DA9 /* HTSettingViewController~iphone.xib */ = {isa = PBXFileReference; fileEncoding = 4; lastKnownFileType = file.xib; path = "HTSettingViewController~iphone.xib"; sourceTree = "<group>"; };
/* End PBXFileReference section */

/* Begin PBXFrameworksBuildPhase section */
		C20D5A08188441D100C685D3 /* Frameworks */ = {
			isa = PBXFrameworksBuildPhase;
			buildActionMask = 2147483647;
			files = (
				C20D5A11188441D100C685D3 /* CoreGraphics.framework in Frameworks */,
				C20D5A15188441D100C685D3 /* CoreData.framework in Frameworks */,
				C20D5A13188441D100C685D3 /* UIKit.framework in Frameworks */,
				C20D5A0F188441D100C685D3 /* Foundation.framework in Frameworks */,
				3524183ABF5A4F66B320A558 /* libPods.a in Frameworks */,
			);
			runOnlyForDeploymentPostprocessing = 0;
		};
		C20D5A34188441D200C685D3 /* Frameworks */ = {
			isa = PBXFrameworksBuildPhase;
			buildActionMask = 2147483647;
			files = (
				C20D5A39188441D200C685D3 /* XCTest.framework in Frameworks */,
				C20D5A3C188441D200C685D3 /* CoreData.framework in Frameworks */,
				C20D5A3B188441D200C685D3 /* UIKit.framework in Frameworks */,
				C20D5A3A188441D200C685D3 /* Foundation.framework in Frameworks */,
			);
			runOnlyForDeploymentPostprocessing = 0;
		};
/* End PBXFrameworksBuildPhase section */

/* Begin PBXGroup section */
		3C2F431FFF9FA83D5168E51C /* API */ = {
			isa = PBXGroup;
			children = (
				3C2F4A4959A7455146BCD112 /* HTUserAPI.m */,
				3C2F4B0EFCF297897B5A8F7F /* HTUserAPI.h */,
			);
			path = API;
			sourceTree = "<group>";
		};
		3C2F4337CB33D509F70613E5 /* Vendor */ = {
			isa = PBXGroup;
			children = (
			);
			path = Vendor;
			sourceTree = "<group>";
		};
		3C2F44328B172C6F7719BBEF /* Model */ = {
			isa = PBXGroup;
			children = (
				3C2F43918485CD63D1E29AE7 /* HTUser.m */,
				3C2F4112D3702B4BAC977BFD /* HTUser.h */,
				3C2F4E0852A7F8F6EDD52B62 /* HTCard.m */,
				3C2F496CED69FE4119758BBC /* HTCard.h */,
			);
			path = Model;
			sourceTree = "<group>";
		};
		3C2F49AE745E3F1E8EB6FA21 /* Service */ = {
			isa = PBXGroup;
			children = (
				3C2F495F248CC6F499D42737 /* HTBeaconService.m */,
				3C2F4E12B7FF6D156378AF75 /* HTBeaconService.h */,
			);
			path = Service;
			sourceTree = "<group>";
		};
		3C2F49C874CBDBA715C10C04 /* Classes */ = {
			isa = PBXGroup;
			children = (
				3C2F4FDD9883561D548F962D /* View */,
				3C2F49FDD7C473B15069E310 /* ViewController */,
				3C2F44328B172C6F7719BBEF /* Model */,
				3C2F4A4E144513B045A37306 /* Utility */,
				3C2F4A8BD98A9FCD582E8BD9 /* Extensions */,
				3C2F49AE745E3F1E8EB6FA21 /* Service */,
				3C2F431FFF9FA83D5168E51C /* API */,
			);
			path = Classes;
			sourceTree = "<group>";
		};
		3C2F49FDD7C473B15069E310 /* ViewController */ = {
			isa = PBXGroup;
			children = (
				C2976B2E1886651200F88DA9 /* Login */,
				3C2F47306E9EF9E90F6E5F60 /* HTMainViewController.m */,
				3C2F42FE5D3F2CDE358A7984 /* HTFlipsideViewController.m */,
				3C2F4FFACE7A4F8F5B4F9932 /* HTMainViewController.h */,
				3C2F4A922012A18788DED676 /* HTFlipsideViewController.h */,
				3C2F4F763DF1B367A87DB664 /* Setting */,
			);
			path = ViewController;
			sourceTree = "<group>";
		};
		3C2F4A4E144513B045A37306 /* Utility */ = {
			isa = PBXGroup;
			children = (
				3C2F4BF821835976875F1D9C /* EasedValue.h */,
				3C2F4585F3C1F1BD0674B535 /* EasedValue.m */,
				3C2F4BF9B76DDEE6B82E524B /* GCDSingleton.h */,
				3C2F4ABFA3AC2424ACD972DA /* GCDUtilities.h */,
				3C2F463A2B828C3813602D5E /* GCDUtilities.m */,
				3C2F46A03D765C52F21A8990 /* INWeightedAverage.h */,
				3C2F424F0AC481A592985CF7 /* INWeightedAverage.m */,
				3C2F4017BF6562E257B0DD98 /* ReachabilityService.h */,
				3C2F4F3D6793DBED3B3D45DE /* ReachabilityService.m */,
			);
			path = Utility;
			sourceTree = "<group>";
		};
		3C2F4A8BD98A9FCD582E8BD9 /* Extensions */ = {
			isa = PBXGroup;
			children = (
				3C2F4A54B4280BB96AB485BE /* CBCentralManager+Ext.h */,
				3C2F40360BDFFAAD50E0A47E /* CBCentralManager+Ext.m */,
				3C2F44A5CCCD9FB985FF0EC7 /* CBPeripheralManager+Ext.h */,
				3C2F423263B88923CB5F855E /* CBPeripheralManager+Ext.m */,
				3C2F4597BC96A3F7C56394B5 /* CBUUID+Ext.h */,
				3C2F47187CED48068ADC2A15 /* CBUUID+Ext.m */,
				3C2F4983CB4E5C084BEE4722 /* CLBeacon+Ext.h */,
				3C2F417C1CAE2A3654B2AAF5 /* CLBeacon+Ext.m */,
				3C2F40AA25B8026654AC78B1 /* NSArray+Ext.h */,
				3C2F45F63F6A1B073EFBEB72 /* NSArray+Ext.m */,
				3C2F4A27609BB9989B6D3660 /* NSDate+Ext.h */,
				3C2F4B63DD9ACA3FC406F826 /* NSDate+Ext.m */,
				3C2F4C3BF1A3CBF6524A3F93 /* NSDictionary+Ext.h */,
				3C2F4C06938C6345DD46E58A /* NSDictionary+Ext.m */,
				3C2F4955100375EF40D6EE98 /* NSFileManager+Ext.h */,
				3C2F425BF90F9BEF2B1FEFBE /* NSFileManager+Ext.m */,
				3C2F446FE9CBC6DAD79D65B5 /* NSMutableArray+Ext.h */,
				3C2F4110A714F39FE2D01096 /* NSMutableArray+Ext.m */,
				3C2F4CD6C823CD12B8D104A3 /* NSMutableDictionary+Ext.h */,
				3C2F493F02697EF838E21B51 /* NSMutableDictionary+Ext.m */,
				3C2F4046E1FC8C02654E81D7 /* NSMutableSet+Ext.h */,
				3C2F443AD94E4D7DFAA979CC /* NSMutableSet+Ext.m */,
				3C2F45030BC3569E6666F002 /* NSObject+Ext.h */,
				3C2F4463BC5DD478E72F6F88 /* NSObject+Ext.m */,
				3C2F4268322BE0C400EACC02 /* NSRangeExt.h */,
				3C2F466548D8997FBFE2A91F /* NSRangeExt.m */,
				3C2F448159BFC92972A99147 /* NSSet+Ext.h */,
				3C2F41037A0D088F6C538EB3 /* NSSet+Ext.m */,
				3C2F4BB68A0675ABAC9D56E8 /* NSString+Ext.h */,
				3C2F492B200F0F038BDDFB47 /* NSString+Ext.m */,
				3C2F47390DBF08028367218A /* UIColor+Ext.h */,
				3C2F4ECDD00FBB09AE962542 /* UIColor+Ext.m */,
				3C2F40A475AD8B7F05DE3AAD /* UIImage+Ext.h */,
				3C2F4DBC7DD9F6A6F950D788 /* UIImage+Ext.m */,
				3C2F4051149DC883B8C2BA71 /* UILabel+Ext.h */,
				3C2F43B5EB1188D8AB260A7F /* UILabel+Ext.m */,
				3C2F42EFCDB74592664D4305 /* UIScreen+Ext.h */,
				3C2F4A245B723B95C003183D /* UIScreen+Ext.m */,
				3C2F4691BD10B1FDCF0A4CE4 /* UIView+Ext.h */,
				3C2F44D2363727099E864509 /* UIView+Ext.m */,
				3C2F4A836948F8FF5ECA82F7 /* CustomExtensions.h */,
			);
			path = Extensions;
			sourceTree = "<group>";
		};
		3C2F4F763DF1B367A87DB664 /* Setting */ = {
			isa = PBXGroup;
			children = (
				C2976B391886669A00F88DA9 /* HTSettingViewController.h */,
				C2976B3A1886669A00F88DA9 /* HTSettingViewController.m */,
				C2976B3B1886669A00F88DA9 /* HTSettingViewController.xib */,
				C2976B42188667FF00F88DA9 /* HTSettingViewController~iphone.xib */,
			);
			path = Setting;
			sourceTree = "<group>";
		};
		3C2F4FDD9883561D548F962D /* View */ = {
			isa = PBXGroup;
			children = (
				C2976B341886661100F88DA9 /* Card */,
			);
			path = View;
			sourceTree = "<group>";
		};
		C20D5A02188441D100C685D3 = {
			isa = PBXGroup;
			children = (
				C20D5A16188441D100C685D3 /* HeyThere */,
				C20D5A3F188441D200C685D3 /* HeyThereTests */,
				C20D5A0D188441D100C685D3 /* Frameworks */,
				C20D5A0C188441D100C685D3 /* Products */,
				3558151E5BF14BD7BC789A18 /* Pods.xcconfig */,
			);
			sourceTree = "<group>";
		};
		C20D5A0C188441D100C685D3 /* Products */ = {
			isa = PBXGroup;
			children = (
				C20D5A0B188441D100C685D3 /* HeyThere.app */,
				C20D5A37188441D200C685D3 /* HeyThereTests.xctest */,
			);
			name = Products;
			sourceTree = "<group>";
		};
		C20D5A0D188441D100C685D3 /* Frameworks */ = {
			isa = PBXGroup;
			children = (
				C20D5A0E188441D100C685D3 /* Foundation.framework */,
				C20D5A10188441D100C685D3 /* CoreGraphics.framework */,
				C20D5A12188441D100C685D3 /* UIKit.framework */,
				C20D5A14188441D100C685D3 /* CoreData.framework */,
				C20D5A38188441D200C685D3 /* XCTest.framework */,
				C058F398CAE2446E8F2815E7 /* libPods.a */,
			);
			name = Frameworks;
			sourceTree = "<group>";
		};
		C20D5A16188441D100C685D3 /* HeyThere */ = {
			isa = PBXGroup;
			children = (
				C20D5A1F188441D200C685D3 /* HTAppDelegate.h */,
				C20D5A20188441D200C685D3 /* HTAppDelegate.m */,
				C20D5A22188441D200C685D3 /* Main_iPhone.storyboard */,
				C20D5A25188441D200C685D3 /* Main_iPad.storyboard */,
				C20D5A31188441D200C685D3 /* Images.xcassets */,
				C20D5A28188441D200C685D3 /* HeyThere.xcdatamodeld */,
				C20D5A17188441D100C685D3 /* Supporting Files */,
				3C2F49C874CBDBA715C10C04 /* Classes */,
				3C2F4337CB33D509F70613E5 /* Vendor */,
			);
			path = HeyThere;
			sourceTree = "<group>";
		};
		C20D5A17188441D100C685D3 /* Supporting Files */ = {
			isa = PBXGroup;
			children = (
				C20D5A18188441D100C685D3 /* HeyThere-Info.plist */,
				C20D5A19188441D100C685D3 /* InfoPlist.strings */,
				C20D5A1C188441D200C685D3 /* main.m */,
				C20D5A1E188441D200C685D3 /* HeyThere-Prefix.pch */,
			);
			name = "Supporting Files";
			sourceTree = "<group>";
		};
		C20D5A3F188441D200C685D3 /* HeyThereTests */ = {
			isa = PBXGroup;
			children = (
				C20D5A45188441D200C685D3 /* HeyThereTests.m */,
				C20D5A40188441D200C685D3 /* Supporting Files */,
			);
			path = HeyThereTests;
			sourceTree = "<group>";
		};
		C20D5A40188441D200C685D3 /* Supporting Files */ = {
			isa = PBXGroup;
			children = (
				C20D5A41188441D200C685D3 /* HeyThereTests-Info.plist */,
				C20D5A42188441D200C685D3 /* InfoPlist.strings */,
			);
			name = "Supporting Files";
			sourceTree = "<group>";
		};
		C2976B2E1886651200F88DA9 /* Login */ = {
			isa = PBXGroup;
			children = (
				C2976B2B1886650700F88DA9 /* HTLoginViewController.h */,
				C2976B2C1886650700F88DA9 /* HTLoginViewController.m */,
				C2976B3E188666BF00F88DA9 /* HTLoginViewController.xib */,
				C2976B40188667D700F88DA9 /* HTLoginViewController~iphone.xib */,
			);
			name = Login;
			sourceTree = "<group>";
		};
		C2976B341886661100F88DA9 /* Card */ = {
			isa = PBXGroup;
			children = (
				C2976B351886663E00F88DA9 /* HTCardView.h */,
				C2976B361886663E00F88DA9 /* HTCardView.m */,
				C2976B2F1886658600F88DA9 /* HTCardView.xib */,
			);
			name = Card;
			sourceTree = "<group>";
		};
/* End PBXGroup section */

/* Begin PBXNativeTarget section */
		C20D5A0A188441D100C685D3 /* HeyThere */ = {
			isa = PBXNativeTarget;
			buildConfigurationList = C20D5A49188441D200C685D3 /* Build configuration list for PBXNativeTarget "HeyThere" */;
			buildPhases = (
				B83881E92CBA476283519EC0 /* Check Pods Manifest.lock */,
				C20D5A07188441D100C685D3 /* Sources */,
				C20D5A08188441D100C685D3 /* Frameworks */,
				C20D5A09188441D100C685D3 /* Resources */,
				A0E2AA8CF71F408D9D0F541C /* Copy Pods Resources */,
			);
			buildRules = (
			);
			dependencies = (
			);
			name = HeyThere;
			productName = HeyThere;
			productReference = C20D5A0B188441D100C685D3 /* HeyThere.app */;
			productType = "com.apple.product-type.application";
		};
		C20D5A36188441D200C685D3 /* HeyThereTests */ = {
			isa = PBXNativeTarget;
			buildConfigurationList = C20D5A4C188441D200C685D3 /* Build configuration list for PBXNativeTarget "HeyThereTests" */;
			buildPhases = (
				C20D5A33188441D200C685D3 /* Sources */,
				C20D5A34188441D200C685D3 /* Frameworks */,
				C20D5A35188441D200C685D3 /* Resources */,
			);
			buildRules = (
			);
			dependencies = (
				C20D5A3E188441D200C685D3 /* PBXTargetDependency */,
			);
			name = HeyThereTests;
			productName = HeyThereTests;
			productReference = C20D5A37188441D200C685D3 /* HeyThereTests.xctest */;
			productType = "com.apple.product-type.bundle.unit-test";
		};
/* End PBXNativeTarget section */

/* Begin PBXProject section */
		C20D5A03188441D100C685D3 /* Project object */ = {
			isa = PBXProject;
			attributes = {
				CLASSPREFIX = HT;
				LastUpgradeCheck = 0500;
				ORGANIZATIONNAME = HeyThere;
				TargetAttributes = {
					C20D5A36188441D200C685D3 = {
						TestTargetID = C20D5A0A188441D100C685D3;
					};
				};
			};
			buildConfigurationList = C20D5A06188441D100C685D3 /* Build configuration list for PBXProject "HeyThere" */;
			compatibilityVersion = "Xcode 3.2";
			developmentRegion = English;
			hasScannedForEncodings = 0;
			knownRegions = (
				en,
				Base,
			);
			mainGroup = C20D5A02188441D100C685D3;
			productRefGroup = C20D5A0C188441D100C685D3 /* Products */;
			projectDirPath = "";
			projectReferences = (
			);
			projectRoot = "";
			targets = (
				C20D5A0A188441D100C685D3 /* HeyThere */,
				C20D5A36188441D200C685D3 /* HeyThereTests */,
			);
		};
/* End PBXProject section */

/* Begin PBXResourcesBuildPhase section */
		C20D5A09188441D100C685D3 /* Resources */ = {
			isa = PBXResourcesBuildPhase;
			buildActionMask = 2147483647;
			files = (
				C2976B301886658600F88DA9 /* HTCardView.xib in Resources */,
				C2976B3D1886669A00F88DA9 /* HTSettingViewController.xib in Resources */,
				C20D5A27188441D200C685D3 /* Main_iPad.storyboard in Resources */,
				C20D5A32188441D200C685D3 /* Images.xcassets in Resources */,
				C2976B43188667FF00F88DA9 /* HTSettingViewController~iphone.xib in Resources */,
				C2976B41188667D700F88DA9 /* HTLoginViewController~iphone.xib in Resources */,
				C2976B3F188666BF00F88DA9 /* HTLoginViewController.xib in Resources */,
				C20D5A24188441D200C685D3 /* Main_iPhone.storyboard in Resources */,
				C20D5A1B188441D100C685D3 /* InfoPlist.strings in Resources */,
			);
			runOnlyForDeploymentPostprocessing = 0;
		};
		C20D5A35188441D200C685D3 /* Resources */ = {
			isa = PBXResourcesBuildPhase;
			buildActionMask = 2147483647;
			files = (
				C20D5A44188441D200C685D3 /* InfoPlist.strings in Resources */,
			);
			runOnlyForDeploymentPostprocessing = 0;
		};
/* End PBXResourcesBuildPhase section */

/* Begin PBXShellScriptBuildPhase section */
		A0E2AA8CF71F408D9D0F541C /* Copy Pods Resources */ = {
			isa = PBXShellScriptBuildPhase;
			buildActionMask = 2147483647;
			files = (
			);
			inputPaths = (
			);
			name = "Copy Pods Resources";
			outputPaths = (
			);
			runOnlyForDeploymentPostprocessing = 0;
			shellPath = /bin/sh;
			shellScript = "\"${SRCROOT}/Pods/Pods-resources.sh\"\n";
			showEnvVarsInLog = 0;
		};
		B83881E92CBA476283519EC0 /* Check Pods Manifest.lock */ = {
			isa = PBXShellScriptBuildPhase;
			buildActionMask = 2147483647;
			files = (
			);
			inputPaths = (
			);
			name = "Check Pods Manifest.lock";
			outputPaths = (
			);
			runOnlyForDeploymentPostprocessing = 0;
			shellPath = /bin/sh;
			shellScript = "diff \"${PODS_ROOT}/../Podfile.lock\" \"${PODS_ROOT}/Manifest.lock\" > /dev/null\nif [[ $? != 0 ]] ; then\n    cat << EOM\nerror: The sandbox is not in sync with the Podfile.lock. Run 'pod install' or update your CocoaPods installation.\nEOM\n    exit 1\nfi\n";
			showEnvVarsInLog = 0;
		};
/* End PBXShellScriptBuildPhase section */

/* Begin PBXSourcesBuildPhase section */
		C20D5A07188441D100C685D3 /* Sources */ = {
			isa = PBXSourcesBuildPhase;
			buildActionMask = 2147483647;
			files = (
				C20D5A21188441D200C685D3 /* HTAppDelegate.m in Sources */,
				C20D5A2A188441D200C685D3 /* HeyThere.xcdatamodeld in Sources */,
				C20D5A1D188441D200C685D3 /* main.m in Sources */,
				3C2F4E9D2C9B4B532B0A7A82 /* HTUser.m in Sources */,
				3C2F4C55619E02CCD9CF0604 /* CBCentralManager+Ext.m in Sources */,
				3C2F470C1AED04375B7C1549 /* CBPeripheralManager+Ext.m in Sources */,
				3C2F4D95DDC93B32A9761B49 /* CBUUID+Ext.m in Sources */,
				3C2F4537ED087A92FD4BCB9E /* CLBeacon+Ext.m in Sources */,
				3C2F47597874A5CD18AAE157 /* NSArray+Ext.m in Sources */,
				3C2F483401FF8D34EB62F495 /* NSDate+Ext.m in Sources */,
				3C2F4FB8778868A6B02EE697 /* NSDictionary+Ext.m in Sources */,
				3C2F4B5D1C5B034D7C07D6F3 /* NSFileManager+Ext.m in Sources */,
				3C2F433E8CB501211397ED0F /* NSMutableArray+Ext.m in Sources */,
				3C2F419573BC53D279575383 /* NSMutableDictionary+Ext.m in Sources */,
				3C2F4D782A7AC88180D3B9BC /* NSMutableSet+Ext.m in Sources */,
				C2976B371886663E00F88DA9 /* HTCardView.m in Sources */,
				3C2F432B8754C59B61DA9FF5 /* NSObject+Ext.m in Sources */,
				3C2F481E29BBEFA3E9885DAA /* NSRangeExt.m in Sources */,
				3C2F48FFDE571642D9A9BBB9 /* NSSet+Ext.m in Sources */,
				3C2F48A1B54ECED57F780E65 /* NSString+Ext.m in Sources */,
				3C2F43405F4E25514A07BFE8 /* UIColor+Ext.m in Sources */,
				C2976B2D1886650700F88DA9 /* HTLoginViewController.m in Sources */,
				3C2F48C8B8C65AD62761640D /* UIImage+Ext.m in Sources */,
				3C2F47835F06F8C9A6F82192 /* UILabel+Ext.m in Sources */,
				3C2F43B2361BA84402D4CCAD /* UIScreen+Ext.m in Sources */,
				3C2F4F163471A164C3E2F330 /* UIView+Ext.m in Sources */,
				3C2F413B0AF518382122AE7F /* HTBeaconService.m in Sources */,
				3C2F42575EA7C6FA314D395A /* EasedValue.m in Sources */,
				3C2F4E4971769E98C715416A /* GCDUtilities.m in Sources */,
				C2976B3C1886669A00F88DA9 /* HTSettingViewController.m in Sources */,
				3C2F4A83ED0D9741FDB3316C /* INWeightedAverage.m in Sources */,
				3C2F41CF63E768340DB35C71 /* ReachabilityService.m in Sources */,
				3C2F4CCCB2C48B3F8B79334D /* HTMainViewController.m in Sources */,
				3C2F41ACAB4FB724ED35C970 /* HTFlipsideViewController.m in Sources */,
				3C2F4EB79CAD90DCEC3A6295 /* HTCard.m in Sources */,
				3C2F4A15A18D25CDB2CD02F5 /* HTUserAPI.m in Sources */,
			);
			runOnlyForDeploymentPostprocessing = 0;
		};
		C20D5A33188441D200C685D3 /* Sources */ = {
			isa = PBXSourcesBuildPhase;
			buildActionMask = 2147483647;
			files = (
				C20D5A46188441D200C685D3 /* HeyThereTests.m in Sources */,
			);
			runOnlyForDeploymentPostprocessing = 0;
		};
/* End PBXSourcesBuildPhase section */

/* Begin PBXTargetDependency section */
		C20D5A3E188441D200C685D3 /* PBXTargetDependency */ = {
			isa = PBXTargetDependency;
			target = C20D5A0A188441D100C685D3 /* HeyThere */;
			targetProxy = C20D5A3D188441D200C685D3 /* PBXContainerItemProxy */;
		};
/* End PBXTargetDependency section */

/* Begin PBXVariantGroup section */
		C20D5A19188441D100C685D3 /* InfoPlist.strings */ = {
			isa = PBXVariantGroup;
			children = (
				C20D5A1A188441D100C685D3 /* en */,
			);
			name = InfoPlist.strings;
			sourceTree = "<group>";
		};
		C20D5A22188441D200C685D3 /* Main_iPhone.storyboard */ = {
			isa = PBXVariantGroup;
			children = (
				C20D5A23188441D200C685D3 /* Base */,
			);
			name = Main_iPhone.storyboard;
			sourceTree = "<group>";
		};
		C20D5A25188441D200C685D3 /* Main_iPad.storyboard */ = {
			isa = PBXVariantGroup;
			children = (
				C20D5A26188441D200C685D3 /* Base */,
			);
			name = Main_iPad.storyboard;
			sourceTree = "<group>";
		};
		C20D5A42188441D200C685D3 /* InfoPlist.strings */ = {
			isa = PBXVariantGroup;
			children = (
				C20D5A43188441D200C685D3 /* en */,
			);
			name = InfoPlist.strings;
			sourceTree = "<group>";
		};
/* End PBXVariantGroup section */

/* Begin XCBuildConfiguration section */
		C20D5A47188441D200C685D3 /* Debug */ = {
			isa = XCBuildConfiguration;
			buildSettings = {
				ALWAYS_SEARCH_USER_PATHS = NO;
				ARCHS = "$(ARCHS_STANDARD_INCLUDING_64_BIT)";
				CLANG_CXX_LANGUAGE_STANDARD = "gnu++0x";
				CLANG_CXX_LIBRARY = "libc++";
				CLANG_ENABLE_MODULES = YES;
				CLANG_ENABLE_OBJC_ARC = YES;
				CLANG_WARN_BOOL_CONVERSION = YES;
				CLANG_WARN_CONSTANT_CONVERSION = YES;
				CLANG_WARN_DIRECT_OBJC_ISA_USAGE = YES_ERROR;
				CLANG_WARN_EMPTY_BODY = YES;
				CLANG_WARN_ENUM_CONVERSION = YES;
				CLANG_WARN_INT_CONVERSION = YES;
				CLANG_WARN_OBJC_ROOT_CLASS = YES_ERROR;
				CLANG_WARN__DUPLICATE_METHOD_MATCH = YES;
				CODE_SIGN_IDENTITY = "";
				"CODE_SIGN_IDENTITY[sdk=iphoneos*]" = "iPhone Developer";
				COPY_PHASE_STRIP = NO;
				GCC_C_LANGUAGE_STANDARD = gnu99;
				GCC_DYNAMIC_NO_PIC = NO;
				GCC_OPTIMIZATION_LEVEL = 0;
				GCC_PREPROCESSOR_DEFINITIONS = (
					"DEBUG=1",
					"$(inherited)",
				);
				GCC_SYMBOLS_PRIVATE_EXTERN = NO;
				GCC_WARN_64_TO_32_BIT_CONVERSION = YES;
				GCC_WARN_ABOUT_RETURN_TYPE = YES_ERROR;
				GCC_WARN_UNDECLARED_SELECTOR = YES;
				GCC_WARN_UNINITIALIZED_AUTOS = YES;
				GCC_WARN_UNUSED_FUNCTION = YES;
				GCC_WARN_UNUSED_VARIABLE = YES;
				IPHONEOS_DEPLOYMENT_TARGET = 7.0;
				ONLY_ACTIVE_ARCH = YES;
				SDKROOT = iphoneos;
				TARGETED_DEVICE_FAMILY = "1,2";
			};
			name = Debug;
		};
		C20D5A48188441D200C685D3 /* Release */ = {
			isa = XCBuildConfiguration;
			buildSettings = {
				ALWAYS_SEARCH_USER_PATHS = NO;
				ARCHS = "$(ARCHS_STANDARD_INCLUDING_64_BIT)";
				CLANG_CXX_LANGUAGE_STANDARD = "gnu++0x";
				CLANG_CXX_LIBRARY = "libc++";
				CLANG_ENABLE_MODULES = YES;
				CLANG_ENABLE_OBJC_ARC = YES;
				CLANG_WARN_BOOL_CONVERSION = YES;
				CLANG_WARN_CONSTANT_CONVERSION = YES;
				CLANG_WARN_DIRECT_OBJC_ISA_USAGE = YES_ERROR;
				CLANG_WARN_EMPTY_BODY = YES;
				CLANG_WARN_ENUM_CONVERSION = YES;
				CLANG_WARN_INT_CONVERSION = YES;
				CLANG_WARN_OBJC_ROOT_CLASS = YES_ERROR;
				CLANG_WARN__DUPLICATE_METHOD_MATCH = YES;
				CODE_SIGN_IDENTITY = "";
				"CODE_SIGN_IDENTITY[sdk=iphoneos*]" = "iPhone Developer";
				COPY_PHASE_STRIP = YES;
				ENABLE_NS_ASSERTIONS = NO;
				GCC_C_LANGUAGE_STANDARD = gnu99;
				GCC_WARN_64_TO_32_BIT_CONVERSION = YES;
				GCC_WARN_ABOUT_RETURN_TYPE = YES_ERROR;
				GCC_WARN_UNDECLARED_SELECTOR = YES;
				GCC_WARN_UNINITIALIZED_AUTOS = YES;
				GCC_WARN_UNUSED_FUNCTION = YES;
				GCC_WARN_UNUSED_VARIABLE = YES;
				IPHONEOS_DEPLOYMENT_TARGET = 7.0;
				SDKROOT = iphoneos;
				TARGETED_DEVICE_FAMILY = "1,2";
				VALIDATE_PRODUCT = YES;
			};
			name = Release;
		};
		C20D5A4A188441D200C685D3 /* Debug */ = {
			isa = XCBuildConfiguration;
			baseConfigurationReference = 3558151E5BF14BD7BC789A18 /* Pods.xcconfig */;
			buildSettings = {
				ASSETCATALOG_COMPILER_APPICON_NAME = AppIcon;
				ASSETCATALOG_COMPILER_LAUNCHIMAGE_NAME = LaunchImage;
				GCC_PRECOMPILE_PREFIX_HEADER = YES;
				GCC_PREFIX_HEADER = "HeyThere/HeyThere-Prefix.pch";
				INFOPLIST_FILE = "HeyThere/HeyThere-Info.plist";
				PRODUCT_NAME = "$(TARGET_NAME)";
				WRAPPER_EXTENSION = app;
			};
			name = Debug;
		};
		C20D5A4B188441D200C685D3 /* Release */ = {
			isa = XCBuildConfiguration;
			baseConfigurationReference = 3558151E5BF14BD7BC789A18 /* Pods.xcconfig */;
			buildSettings = {
				ASSETCATALOG_COMPILER_APPICON_NAME = AppIcon;
				ASSETCATALOG_COMPILER_LAUNCHIMAGE_NAME = LaunchImage;
				GCC_PRECOMPILE_PREFIX_HEADER = YES;
				GCC_PREFIX_HEADER = "HeyThere/HeyThere-Prefix.pch";
				INFOPLIST_FILE = "HeyThere/HeyThere-Info.plist";
				PRODUCT_NAME = "$(TARGET_NAME)";
				WRAPPER_EXTENSION = app;
			};
			name = Release;
		};
		C20D5A4D188441D200C685D3 /* Debug */ = {
			isa = XCBuildConfiguration;
			buildSettings = {
				ARCHS = "$(ARCHS_STANDARD_INCLUDING_64_BIT)";
				BUNDLE_LOADER = "$(BUILT_PRODUCTS_DIR)/HeyThere.app/HeyThere";
				FRAMEWORK_SEARCH_PATHS = (
					"$(SDKROOT)/Developer/Library/Frameworks",
					"$(inherited)",
					"$(DEVELOPER_FRAMEWORKS_DIR)",
				);
				GCC_PRECOMPILE_PREFIX_HEADER = YES;
				GCC_PREFIX_HEADER = "HeyThere/HeyThere-Prefix.pch";
				GCC_PREPROCESSOR_DEFINITIONS = (
					"DEBUG=1",
					"$(inherited)",
				);
				INFOPLIST_FILE = "HeyThereTests/HeyThereTests-Info.plist";
				PRODUCT_NAME = "$(TARGET_NAME)";
				TEST_HOST = "$(BUNDLE_LOADER)";
				WRAPPER_EXTENSION = xctest;
			};
			name = Debug;
		};
		C20D5A4E188441D200C685D3 /* Release */ = {
			isa = XCBuildConfiguration;
			buildSettings = {
				ARCHS = "$(ARCHS_STANDARD_INCLUDING_64_BIT)";
				BUNDLE_LOADER = "$(BUILT_PRODUCTS_DIR)/HeyThere.app/HeyThere";
				FRAMEWORK_SEARCH_PATHS = (
					"$(SDKROOT)/Developer/Library/Frameworks",
					"$(inherited)",
					"$(DEVELOPER_FRAMEWORKS_DIR)",
				);
				GCC_PRECOMPILE_PREFIX_HEADER = YES;
				GCC_PREFIX_HEADER = "HeyThere/HeyThere-Prefix.pch";
				INFOPLIST_FILE = "HeyThereTests/HeyThereTests-Info.plist";
				PRODUCT_NAME = "$(TARGET_NAME)";
				TEST_HOST = "$(BUNDLE_LOADER)";
				WRAPPER_EXTENSION = xctest;
			};
			name = Release;
		};
/* End XCBuildConfiguration section */

/* Begin XCConfigurationList section */
		C20D5A06188441D100C685D3 /* Build configuration list for PBXProject "HeyThere" */ = {
			isa = XCConfigurationList;
			buildConfigurations = (
				C20D5A47188441D200C685D3 /* Debug */,
				C20D5A48188441D200C685D3 /* Release */,
			);
			defaultConfigurationIsVisible = 0;
			defaultConfigurationName = Release;
		};
		C20D5A49188441D200C685D3 /* Build configuration list for PBXNativeTarget "HeyThere" */ = {
			isa = XCConfigurationList;
			buildConfigurations = (
				C20D5A4A188441D200C685D3 /* Debug */,
				C20D5A4B188441D200C685D3 /* Release */,
			);
			defaultConfigurationIsVisible = 0;
			defaultConfigurationName = Release;
		};
		C20D5A4C188441D200C685D3 /* Build configuration list for PBXNativeTarget "HeyThereTests" */ = {
			isa = XCConfigurationList;
			buildConfigurations = (
				C20D5A4D188441D200C685D3 /* Debug */,
				C20D5A4E188441D200C685D3 /* Release */,
			);
			defaultConfigurationIsVisible = 0;
			defaultConfigurationName = Release;
		};
/* End XCConfigurationList section */

/* Begin XCVersionGroup section */
		C20D5A28188441D200C685D3 /* HeyThere.xcdatamodeld */ = {
			isa = XCVersionGroup;
			children = (
				C20D5A29188441D200C685D3 /* HeyThere.xcdatamodel */,
			);
			currentVersion = C20D5A29188441D200C685D3 /* HeyThere.xcdatamodel */;
			path = HeyThere.xcdatamodeld;
			sourceTree = "<group>";
			versionGroupType = wrapper.xcdatamodel;
		};
/* End XCVersionGroup section */
	};
	rootObject = C20D5A03188441D100C685D3 /* Project object */;
}
